
Microsoft Visual Studio Solution File, Format Version 12.00
# Visual Studio Version 17
VisualStudioVersion = 17.6.33723.286
MinimumVisualStudioVersion = 10.0.40219.1
Project("{9A19103F-16F7-4668-BE54-9A1E7A4F7556}") = "ConsoleApp2", "ConsoleApp2\ConsoleApp2.csproj", "{514C0837-93C4-4024-BF62-87AC08395AD3}"
EndProject
Project("{9A19103F-16F7-4668-BE54-9A1E7A4F7556}") = "TestProject1", "TestProject1\TestProject1.csproj", "{42846BB0-9754-40C0-9520-AD24FE157B43}"
EndProject
Project("{FAE04EC0-301F-11D3-BF4B-00C04F79EFBC}") = "TestProject2", "TestProject2\TestProject2.csproj", "{9F0A72BD-2A66-4E79-BD4C-05565762F8E5}"
EndProject
Global
	GlobalSection(SolutionConfigurationPlatforms) = preSolution
		Debug|Any CPU = Debug|Any CPU
		Release|Any CPU = Release|Any CPU
	EndGlobalSection
	GlobalSection(ProjectConfigurationPlatforms) = postSolution
		{514C0837-93C4-4024-BF62-87AC08395AD3}.Debug|Any CPU.ActiveCfg = Debug|Any CPU
		{514C0837-93C4-4024-BF62-87AC08395AD3}.Debug|Any CPU.Build.0 = Debug|Any CPU
		{514C0837-93C4-4024-BF62-87AC08395AD3}.Release|Any CPU.ActiveCfg = Release|Any CPU
		{514C0837-93C4-4024-BF62-87AC08395AD3}.Release|Any CPU.Build.0 = Release|Any CPU
		{42846BB0-9754-40C0-9520-AD24FE157B43}.Debug|Any CPU.ActiveCfg = Debug|Any CPU
		{42846BB0-9754-40C0-9520-AD24FE157B43}.Debug|Any CPU.Build.0 = Debug|Any CPU
		{42846BB0-9754-40C0-9520-AD24FE157B43}.Release|Any CPU.ActiveCfg = Release|Any CPU
		{42846BB0-9754-40C0-9520-AD24FE157B43}.Release|Any CPU.Build.0 = Release|Any CPU
		{9F0A72BD-2A66-4E79-BD4C-05565762F8E5}.Debug|Any CPU.ActiveCfg = Debug|Any CPU
		{9F0A72BD-2A66-4E79-BD4C-05565762F8E5}.Debug|Any CPU.Build.0 = Debug|Any CPU
		{9F0A72BD-2A66-4E79-BD4C-05565762F8E5}.Release|Any CPU.ActiveCfg = Release|Any CPU
		{9F0A72BD-2A66-4E79-BD4C-05565762F8E5}.Release|Any CPU.Build.0 = Release|Any CPU
	EndGlobalSection
	GlobalSection(SolutionProperties) = preSolution
		HideSolutionNode = FALSE
	EndGlobalSection
	GlobalSection(ExtensibilityGlobals) = postSolution
		SolutionGuid = {415E7C10-B41D-49A8-8FC0-021D3B5EC0C4}
	EndGlobalSection
EndGlobal
