
Microsoft Visual Studio Solution File, Format Version 12.00
# Visual Studio 14
VisualStudioVersion = 14.0.25420.1
MinimumVisualStudioVersion = 10.0.40219.1
Project("{FAE04EC0-301F-11D3-BF4B-00C04F79EFBC}") = "EtrendApp", "WindowsFormsApplication2\EtrendApp.csproj", "{211C0092-F103-43E7-8EAA-7C72FE999791}"
EndProject
Project("{2150E333-8FDC-42A3-9474-1A3956D46DE8}") = "Solution Items", "Solution Items", "{73D5ECA6-03ED-4C03-8419-BC8E2DD99D98}"
EndProject
Global
	GlobalSection(SolutionConfigurationPlatforms) = preSolution
		Debug|Any CPU = Debug|Any CPU
		Release|Any CPU = Release|Any CPU
	EndGlobalSection
	GlobalSection(ProjectConfigurationPlatforms) = postSolution
		{211C0092-F103-43E7-8EAA-7C72FE999791}.Debug|Any CPU.ActiveCfg = Debug|Any CPU
		{211C0092-F103-43E7-8EAA-7C72FE999791}.Debug|Any CPU.Build.0 = Debug|Any CPU
		{211C0092-F103-43E7-8EAA-7C72FE999791}.Release|Any CPU.ActiveCfg = Release|Any CPU
		{211C0092-F103-43E7-8EAA-7C72FE999791}.Release|Any CPU.Build.0 = Release|Any CPU
	EndGlobalSection
	GlobalSection(SolutionProperties) = preSolution
		HideSolutionNode = FALSE
	EndGlobalSection
EndGlobal
